{
  "name": "xero-export",
  "version": "1.0.0",
  "lockfileVersion": 1,
  "requires": true,
  "dependencies": {
    "oauth": {
      "version": "0.9.15",
      "resolved": "https://registry.npmjs.org/oauth/-/oauth-0.9.15.tgz",
      "integrity": "sha1-vR/vr2hslrdUda7VGWQS/2DPucE="
    },
    "xero-node": {
      "version": "3.0.14",
      "resolved": "https://registry.npmjs.org/xero-node/-/xero-node-3.0.14.tgz",
      "integrity": "sha512-D74W6RgJfaeKTon4a/97I1a7P7UBdjlXcJxonDfeSDrY5ul3RtLenfwpikvw1FdB44JdEM1deVWu/kJaENATGw==",
      "requires": {
        "oauth": "0.9.15"
      }
    }
  }
}
